
Microsoft Visual Studio Solution File, Format Version 12.00
# Visual Studio Version 16
VisualStudioVersion = 16.0.29613.14
MinimumVisualStudioVersion = 10.0.40219.1
Project("{FAE04EC0-301F-11D3-BF4B-00C04F79EFBC}") = "TIMPHONGTRO", "TIMPHONGTRO\TIMPHONGTRO.csproj", "{24564FA2-749E-42FE-91D2-9800AAD4055A}"
EndProject
Project("{FAE04EC0-301F-11D3-BF4B-00C04F79EFBC}") = "MODEL", "MODEL\MODEL.csproj", "{505BD3CF-27CF-4592-947D-58B642FE738D}"
EndProject
Global
	GlobalSection(SolutionConfigurationPlatforms) = preSolution
		Debug|Any CPU = Debug|Any CPU
		Release|Any CPU = Release|Any CPU
	EndGlobalSection
	GlobalSection(ProjectConfigurationPlatforms) = postSolution
		{24564FA2-749E-42FE-91D2-9800AAD4055A}.Debug|Any CPU.ActiveCfg = Debug|Any CPU
		{24564FA2-749E-42FE-91D2-9800AAD4055A}.Debug|Any CPU.Build.0 = Debug|Any CPU
		{24564FA2-749E-42FE-91D2-9800AAD4055A}.Release|Any CPU.ActiveCfg = Release|Any CPU
		{24564FA2-749E-42FE-91D2-9800AAD4055A}.Release|Any CPU.Build.0 = Release|Any CPU
		{505BD3CF-27CF-4592-947D-58B642FE738D}.Debug|Any CPU.ActiveCfg = Debug|Any CPU
		{505BD3CF-27CF-4592-947D-58B642FE738D}.Debug|Any CPU.Build.0 = Debug|Any CPU
		{505BD3CF-27CF-4592-947D-58B642FE738D}.Release|Any CPU.ActiveCfg = Release|Any CPU
		{505BD3CF-27CF-4592-947D-58B642FE738D}.Release|Any CPU.Build.0 = Release|Any CPU
	EndGlobalSection
	GlobalSection(SolutionProperties) = preSolution
		HideSolutionNode = FALSE
	EndGlobalSection
	GlobalSection(ExtensibilityGlobals) = postSolution
		SolutionGuid = {CE0FEDB6-A677-4B61-AADF-CCDA6981B28B}
	EndGlobalSection
EndGlobal
